{
    "_meta": {
        "hash": {
            "sha256": "b4761cbe0879461ff2915cb6961f9f9990b55268155b8bf324be1108385fb4b1"
        },
        "pipfile-spec": 6,
        "requires": {
            "python_version": "3.9"
        },
        "sources": [
            {
                "name": "pypi",
                "url": "https://pypi.org/simple",
                "verify_ssl": true
            }
        ]
    },
    "default": {
        "beautifulsoup4": {
            "hashes": [
                "sha256:9a315ce70049920ea4572a4055bc4bd700c940521d36fc858205ad4fcde149bf",
                "sha256:c23ad23c521d818955a4151a67d81580319d4bf548d3d49f4223ae041ff98891"
            ],
            "index": "pypi",
            "version": "==4.10.0"
        },
        "certifi": {
            "hashes": [
                "sha256:78884e7c1d4b00ce3cea67b44566851c4343c120abd683433ce934a68ea58872",
                "sha256:d62a0163eb4c2344ac042ab2bdf75399a71a2d8c7d47eac2e2ee91b9d6339569"
            ],
            "version": "==2021.10.8"
        },
        "charset-normalizer": {
            "hashes": [
                "sha256:1eecaa09422db5be9e29d7fc65664e6c33bd06f9ced7838578ba40d58bdf3721",
                "sha256:b0b883e8e874edfdece9c28f314e3dd5badf067342e42fb162203335ae61aa2c"
            ],
            "markers": "python_version >= '3'",
            "version": "==2.0.9"
        },
        "dulwich": {
            "hashes": [
                "sha256:15ccd7843030653ac951a47b479555d0531b4c77cebbd15d71cea6c2161d9a7f",
                "sha256:32669944abb4b96b4027f7f005d2a54a6b3a3a2bba689ca8d154a4195f6bbd0a",
                "sha256:38aa50f859c8ea53071a049c3f1d5cc54f7dc60a4136a1ab631756a79f6582b5",
                "sha256:38bd5cb3624f55752e3875d2b43adf6468f564c68d9db60bc12996a613b05495",
                "sha256:407218de1e93908cb6b5ce95ea8802ba728d01ace1cc51867bad80cc03ee9508",
                "sha256:46bf68c6314426c83f634ac8645a7ec7e81930ed3a4d7104e4a43c98afa38972",
                "sha256:6c6fd2091ea0075c562207ef3ededd25b69b51907cd063c8005d181fdac1d145",
                "sha256:71c33e247571b0799316fdb1f62ad7087c4dcd057e183b32c2d8f8d8a0fa3e7f",
                "sha256:72910598c292fd2f4fee35e56190829c8375fe305bfb0387ad4c803d57982c94",
                "sha256:7d766e999770b7872e873a8499442a8e2d5c7ee4e26c6181f7d0725bc6bf0605",
                "sha256:86198e3e503facd45f6a07a725b8484a0c23c08fb4671bafd2cbeeaf7a44aa82",
                "sha256:9766c6b281ceeb601608c21396dbb568d72da3614f1af153c8f14b04efcfd1a9",
                "sha256:9b6bb6ecfc56a39b004f2865a0c180fcb31f72d9aad6f2e851381c1faedd5b44",
                "sha256:a5cfbc73c38645b8a05fdf68616e9bdc420f08a6f6a9ddf1f45dcd03e6fdb39d",
                "sha256:aad15cde4d3769bca311730d4020e36d0559298f83692d241a0af6af751a9c0f",
                "sha256:b470de5ddc508e4085f69aba6b404819188375205fc1d173290b9452d7e1db8e",
                "sha256:b5d984ebbdd87af1713082152cfd95d0b8a897cb16ffc82a0fad6949eb543bc0",
                "sha256:ba172581d6f2713165e914b073b6f1259ca555c3a5972980e464c171bc382e5c",
                "sha256:bba3336130f33c08c3998e5f21383b376cac5c5fd7620c470f85cb4989fc243f",
                "sha256:c1da771923c8f8448558cab39fa4072cf2c80240b683150aa733b54081380c13",
                "sha256:e13460c899aa3a824cfd62b04400df6deadd4f09e6ffaeb65d67631330f8c516"
            ],
            "index": "pypi",
            "version": "==0.20.26"
        },
        "idna": {
            "hashes": [
                "sha256:84d9dd047ffa80596e0f246e2eab0b391788b0503584e8945f2368256d2735ff",
                "sha256:9d643ff0a55b762d5cdb124b8eaa99c66322e2157b69160bc32796e824360e6d"
            ],
            "markers": "python_version >= '3'",
            "version": "==3.3"
        },
        "pysocks": {
            "hashes": [
                "sha256:08e69f092cc6dbe92a0fdd16eeb9b9ffbc13cadfe5ca4c7bd92ffb078b293299",
                "sha256:2725bd0a9925919b9b51739eea5f9e2bae91e83288108a9ad338b2e3a4435ee5",
                "sha256:3f8804571ebe159c380ac6de37643bb4685970655d3bba243530d6558b799aa0"
            ],
            "index": "pypi",
            "version": "==1.7.1"
        },
        "requests": {
            "hashes": [
                "sha256:6c1246513ecd5ecd4528a0906f910e8f0f9c6b8ec72030dc9fd154dc1a6efd24",
                "sha256:b8aa58f8cf793ffd8782d3d8cb19e66ef36f7aba4353eec859e74678b01b07a7"
            ],
            "index": "pypi",
            "version": "==2.26.0"
        },
        "soupsieve": {
            "hashes": [
                "sha256:1a3cca2617c6b38c0343ed661b1fa5de5637f257d4fe22bd9f1338010a1efefb",
                "sha256:b8d49b1cd4f037c7082a9683dfa1801aa2597fb11c3a1155b7a5b94829b4f1f9"
            ],
            "markers": "python_version >= '3.6'",
            "version": "==2.3.1"
        },
        "urllib3": {
            "hashes": [
                "sha256:4987c65554f7a2dbf30c18fd48778ef124af6fab771a377103da0585e2336ece",
                "sha256:c4fdf4019605b6e5423637e01bc9fe4daef873709a7973e195ceba0a62bbc844"
            ],
            "markers": "python_version >= '2.7' and python_version not in '3.0, 3.1, 3.2, 3.3, 3.4' and python_version < '4'",
            "version": "==1.26.7"
        }
    },
    "develop": {}
}
